
Microsoft Visual Studio Solution File, Format Version 12.00
# Visual Studio Version 17
VisualStudioVersion = 17.2.32516.85
MinimumVisualStudioVersion = 10.0.40219.1
Project("{8BC9CEB8-8B4A-11D0-8D11-00A0C91BC942}") = "Json_przyklad", "Json_przyklad\Json_przyklad.vcxproj", "{40F6A2AE-7ED1-4959-A4C5-EB73CD0DE3D4}"
EndProject
Project("{8BC9CEB8-8B4A-11D0-8D11-00A0C91BC942}") = "Zadanie18", "Zadanie18\Zadanie18.vcxproj", "{37468557-15F2-490C-98DA-1388A8BD030B}"
EndProject
Project("{8BC9CEB8-8B4A-11D0-8D11-00A0C91BC942}") = "Zadanie19", "Zadanie19\Zadanie19.vcxproj", "{37216EC2-8DDA-4549-A94C-A8248BCCBEDE}"
EndProject
Project("{8BC9CEB8-8B4A-11D0-8D11-00A0C91BC942}") = "Kolorowanka", "Kolorowanka\Kolorowanka.vcxproj", "{F03A12C1-9B8E-4AAC-9D94-B1AE1A1299C1}"
EndProject
Project("{8BC9CEB8-8B4A-11D0-8D11-00A0C91BC942}") = "Test", "Test\Test.vcxproj", "{93BA710A-03A1-4A3E-A440-B53156937FD1}"
EndProject
Project("{8BC9CEB8-8B4A-11D0-8D11-00A0C91BC942}") = "JSON_kantor", "JSON_kantor\JSON_kantor.vcxproj", "{9A9F8E5F-D590-42EE-958C-0B0F54CBBF4F}"
EndProject
Global
	GlobalSection(SolutionConfigurationPlatforms) = preSolution
		Debug|x64 = Debug|x64
		Debug|x86 = Debug|x86
		Release|x64 = Release|x64
		Release|x86 = Release|x86
	EndGlobalSection
	GlobalSection(ProjectConfigurationPlatforms) = postSolution
		{40F6A2AE-7ED1-4959-A4C5-EB73CD0DE3D4}.Debug|x64.ActiveCfg = Debug|x64
		{40F6A2AE-7ED1-4959-A4C5-EB73CD0DE3D4}.Debug|x64.Build.0 = Debug|x64
		{40F6A2AE-7ED1-4959-A4C5-EB73CD0DE3D4}.Debug|x86.ActiveCfg = Debug|Win32
		{40F6A2AE-7ED1-4959-A4C5-EB73CD0DE3D4}.Debug|x86.Build.0 = Debug|Win32
		{40F6A2AE-7ED1-4959-A4C5-EB73CD0DE3D4}.Release|x64.ActiveCfg = Release|x64
		{40F6A2AE-7ED1-4959-A4C5-EB73CD0DE3D4}.Release|x64.Build.0 = Release|x64
		{40F6A2AE-7ED1-4959-A4C5-EB73CD0DE3D4}.Release|x86.ActiveCfg = Release|Win32
		{40F6A2AE-7ED1-4959-A4C5-EB73CD0DE3D4}.Release|x86.Build.0 = Release|Win32
		{37468557-15F2-490C-98DA-1388A8BD030B}.Debug|x64.ActiveCfg = Debug|x64
		{37468557-15F2-490C-98DA-1388A8BD030B}.Debug|x64.Build.0 = Debug|x64
		{37468557-15F2-490C-98DA-1388A8BD030B}.Debug|x86.ActiveCfg = Debug|Win32
		{37468557-15F2-490C-98DA-1388A8BD030B}.Debug|x86.Build.0 = Debug|Win32
		{37468557-15F2-490C-98DA-1388A8BD030B}.Release|x64.ActiveCfg = Release|x64
		{37468557-15F2-490C-98DA-1388A8BD030B}.Release|x64.Build.0 = Release|x64
		{37468557-15F2-490C-98DA-1388A8BD030B}.Release|x86.ActiveCfg = Release|Win32
		{37468557-15F2-490C-98DA-1388A8BD030B}.Release|x86.Build.0 = Release|Win32
		{37216EC2-8DDA-4549-A94C-A8248BCCBEDE}.Debug|x64.ActiveCfg = Debug|x64
		{37216EC2-8DDA-4549-A94C-A8248BCCBEDE}.Debug|x64.Build.0 = Debug|x64
		{37216EC2-8DDA-4549-A94C-A8248BCCBEDE}.Debug|x86.ActiveCfg = Debug|Win32
		{37216EC2-8DDA-4549-A94C-A8248BCCBEDE}.Debug|x86.Build.0 = Debug|Win32
		{37216EC2-8DDA-4549-A94C-A8248BCCBEDE}.Release|x64.ActiveCfg = Release|x64
		{37216EC2-8DDA-4549-A94C-A8248BCCBEDE}.Release|x64.Build.0 = Release|x64
		{37216EC2-8DDA-4549-A94C-A8248BCCBEDE}.Release|x86.ActiveCfg = Release|Win32
		{37216EC2-8DDA-4549-A94C-A8248BCCBEDE}.Release|x86.Build.0 = Release|Win32
		{F03A12C1-9B8E-4AAC-9D94-B1AE1A1299C1}.Debug|x64.ActiveCfg = Debug|x64
		{F03A12C1-9B8E-4AAC-9D94-B1AE1A1299C1}.Debug|x64.Build.0 = Debug|x64
		{F03A12C1-9B8E-4AAC-9D94-B1AE1A1299C1}.Debug|x86.ActiveCfg = Debug|Win32
		{F03A12C1-9B8E-4AAC-9D94-B1AE1A1299C1}.Debug|x86.Build.0 = Debug|Win32
		{F03A12C1-9B8E-4AAC-9D94-B1AE1A1299C1}.Release|x64.ActiveCfg = Release|x64
		{F03A12C1-9B8E-4AAC-9D94-B1AE1A1299C1}.Release|x64.Build.0 = Release|x64
		{F03A12C1-9B8E-4AAC-9D94-B1AE1A1299C1}.Release|x86.ActiveCfg = Release|Win32
		{F03A12C1-9B8E-4AAC-9D94-B1AE1A1299C1}.Release|x86.Build.0 = Release|Win32
		{93BA710A-03A1-4A3E-A440-B53156937FD1}.Debug|x64.ActiveCfg = Debug|x64
		{93BA710A-03A1-4A3E-A440-B53156937FD1}.Debug|x64.Build.0 = Debug|x64
		{93BA710A-03A1-4A3E-A440-B53156937FD1}.Debug|x86.ActiveCfg = Debug|Win32
		{93BA710A-03A1-4A3E-A440-B53156937FD1}.Debug|x86.Build.0 = Debug|Win32
		{93BA710A-03A1-4A3E-A440-B53156937FD1}.Release|x64.ActiveCfg = Release|x64
		{93BA710A-03A1-4A3E-A440-B53156937FD1}.Release|x64.Build.0 = Release|x64
		{93BA710A-03A1-4A3E-A440-B53156937FD1}.Release|x86.ActiveCfg = Release|Win32
		{93BA710A-03A1-4A3E-A440-B53156937FD1}.Release|x86.Build.0 = Release|Win32
		{9A9F8E5F-D590-42EE-958C-0B0F54CBBF4F}.Debug|x64.ActiveCfg = Debug|x64
		{9A9F8E5F-D590-42EE-958C-0B0F54CBBF4F}.Debug|x64.Build.0 = Debug|x64
		{9A9F8E5F-D590-42EE-958C-0B0F54CBBF4F}.Debug|x86.ActiveCfg = Debug|Win32
		{9A9F8E5F-D590-42EE-958C-0B0F54CBBF4F}.Debug|x86.Build.0 = Debug|Win32
		{9A9F8E5F-D590-42EE-958C-0B0F54CBBF4F}.Release|x64.ActiveCfg = Release|x64
		{9A9F8E5F-D590-42EE-958C-0B0F54CBBF4F}.Release|x64.Build.0 = Release|x64
		{9A9F8E5F-D590-42EE-958C-0B0F54CBBF4F}.Release|x86.ActiveCfg = Release|Win32
		{9A9F8E5F-D590-42EE-958C-0B0F54CBBF4F}.Release|x86.Build.0 = Release|Win32
	EndGlobalSection
	GlobalSection(SolutionProperties) = preSolution
		HideSolutionNode = FALSE
	EndGlobalSection
	GlobalSection(ExtensibilityGlobals) = postSolution
		SolutionGuid = {68CBF085-B4BC-4D61-94B3-F90B7856C3D1}
	EndGlobalSection
EndGlobal
